// !$*UTF8*$!
{
	archiveVersion = 1;
	classes = {
	};
	objectVersion = 46;
	objects = {

/* Begin PBXBuildFile section */
		D787D4B71B2E83DA005D5603 /* AppDelegate.swift in Sources */ = {isa = PBXBuildFile; fileRef = D787D4B61B2E83DA005D5603 /* AppDelegate.swift */; };
		D787D4B91B2E83DA005D5603 /* ListViewController.swift in Sources */ = {isa = PBXBuildFile; fileRef = D787D4B81B2E83DA005D5603 /* ListViewController.swift */; };
		D787D4BB1B2E83DA005D5603 /* ReminderViewController.swift in Sources */ = {isa = PBXBuildFile; fileRef = D787D4BA1B2E83DA005D5603 /* ReminderViewController.swift */; };
		D787D4BE1B2E83DA005D5603 /* Main.storyboard in Resources */ = {isa = PBXBuildFile; fileRef = D787D4BC1B2E83DA005D5603 /* Main.storyboard */; };
		D787D4C01B2E83DA005D5603 /* Images.xcassets in Resources */ = {isa = PBXBuildFile; fileRef = D787D4BF1B2E83DA005D5603 /* Images.xcassets */; };
		D787D4C31B2E83DA005D5603 /* LaunchScreen.xib in Resources */ = {isa = PBXBuildFile; fileRef = D787D4C11B2E83DA005D5603 /* LaunchScreen.xib */; };
		D787D4CF1B2E83DA005D5603 /* PouletTests.swift in Sources */ = {isa = PBXBuildFile; fileRef = D787D4CE1B2E83DA005D5603 /* PouletTests.swift */; };
/* End PBXBuildFile section */

/* Begin PBXContainerItemProxy section */
		D787D4C91B2E83DA005D5603 /* PBXContainerItemProxy */ = {
			isa = PBXContainerItemProxy;
			containerPortal = D787D4A91B2E83DA005D5603 /* Project object */;
			proxyType = 1;
			remoteGlobalIDString = D787D4B01B2E83DA005D5603;
			remoteInfo = Poulet;
		};
/* End PBXContainerItemProxy section */

/* Begin PBXFileReference section */
		D787D4B11B2E83DA005D5603 /* Poulet.app */ = {isa = PBXFileReference; explicitFileType = wrapper.application; includeInIndex = 0; path = Poulet.app; sourceTree = BUILT_PRODUCTS_DIR; };
		D787D4B51B2E83DA005D5603 /* Info.plist */ = {isa = PBXFileReference; lastKnownFileType = text.plist.xml; path = Info.plist; sourceTree = "<group>"; };
		D787D4B61B2E83DA005D5603 /* AppDelegate.swift */ = {isa = PBXFileReference; lastKnownFileType = sourcecode.swift; path = AppDelegate.swift; sourceTree = "<group>"; };
		D787D4B81B2E83DA005D5603 /* ListViewController.swift */ = {isa = PBXFileReference; lastKnownFileType = sourcecode.swift; path = ListViewController.swift; sourceTree = "<group>"; };
		D787D4BA1B2E83DA005D5603 /* ReminderViewController.swift */ = {isa = PBXFileReference; lastKnownFileType = sourcecode.swift; path = ReminderViewController.swift; sourceTree = "<group>"; };
		D787D4BD1B2E83DA005D5603 /* Base */ = {isa = PBXFileReference; lastKnownFileType = file.storyboard; name = Base; path = Base.lproj/Main.storyboard; sourceTree = "<group>"; };
		D787D4BF1B2E83DA005D5603 /* Images.xcassets */ = {isa = PBXFileReference; lastKnownFileType = folder.assetcatalog; path = Images.xcassets; sourceTree = "<group>"; };
		D787D4C21B2E83DA005D5603 /* Base */ = {isa = PBXFileReference; lastKnownFileType = file.xib; name = Base; path = Base.lproj/LaunchScreen.xib; sourceTree = "<group>"; };
		D787D4C81B2E83DA005D5603 /* PouletTests.xctest */ = {isa = PBXFileReference; explicitFileType = wrapper.cfbundle; includeInIndex = 0; path = PouletTests.xctest; sourceTree = BUILT_PRODUCTS_DIR; };
		D787D4CD1B2E83DA005D5603 /* Info.plist */ = {isa = PBXFileReference; lastKnownFileType = text.plist.xml; path = Info.plist; sourceTree = "<group>"; };
		D787D4CE1B2E83DA005D5603 /* PouletTests.swift */ = {isa = PBXFileReference; lastKnownFileType = sourcecode.swift; path = PouletTests.swift; sourceTree = "<group>"; };
/* End PBXFileReference section */

/* Begin PBXFrameworksBuildPhase section */
		D787D4AE1B2E83DA005D5603 /* Frameworks */ = {
			isa = PBXFrameworksBuildPhase;
			buildActionMask = 2147483647;
			files = (
			);
			runOnlyForDeploymentPostprocessing = 0;
		};
		D787D4C51B2E83DA005D5603 /* Frameworks */ = {
			isa = PBXFrameworksBuildPhase;
			buildActionMask = 2147483647;
			files = (
			);
			runOnlyForDeploymentPostprocessing = 0;
		};
/* End PBXFrameworksBuildPhase section */

/* Begin PBXGroup section */
		D787D4A81B2E83DA005D5603 = {
			isa = PBXGroup;
			children = (
				D787D4B31B2E83DA005D5603 /* Poulet */,
				D787D4CB1B2E83DA005D5603 /* PouletTests */,
				D787D4B21B2E83DA005D5603 /* Products */,
			);
			sourceTree = "<group>";
		};
		D787D4B21B2E83DA005D5603 /* Products */ = {
			isa = PBXGroup;
			children = (
				D787D4B11B2E83DA005D5603 /* Poulet.app */,
				D787D4C81B2E83DA005D5603 /* PouletTests.xctest */,
			);
			name = Products;
			sourceTree = "<group>";
		};
		D787D4B31B2E83DA005D5603 /* Poulet */ = {
			isa = PBXGroup;
			children = (
				D787D4B61B2E83DA005D5603 /* AppDelegate.swift */,
				D787D4B81B2E83DA005D5603 /* ListViewController.swift */,
				D787D4BA1B2E83DA005D5603 /* ReminderViewController.swift */,
				D787D4BC1B2E83DA005D5603 /* Main.storyboard */,
				D787D4BF1B2E83DA005D5603 /* Images.xcassets */,
				D787D4C11B2E83DA005D5603 /* LaunchScreen.xib */,
				D787D4B41B2E83DA005D5603 /* Supporting Files */,
			);
			path = Poulet;
			sourceTree = "<group>";
		};
		D787D4B41B2E83DA005D5603 /* Supporting Files */ = {
			isa = PBXGroup;
			children = (
				D787D4B51B2E83DA005D5603 /* Info.plist */,
			);
			name = "Supporting Files";
			sourceTree = "<group>";
		};
		D787D4CB1B2E83DA005D5603 /* PouletTests */ = {
			isa = PBXGroup;
			children = (
				D787D4CE1B2E83DA005D5603 /* PouletTests.swift */,
				D787D4CC1B2E83DA005D5603 /* Supporting Files */,
			);
			path = PouletTests;
			sourceTree = "<group>";
		};
		D787D4CC1B2E83DA005D5603 /* Supporting Files */ = {
			isa = PBXGroup;
			children = (
				D787D4CD1B2E83DA005D5603 /* Info.plist */,
			);
			name = "Supporting Files";
			sourceTree = "<group>";
		};
/* End PBXGroup section */

/* Begin PBXNativeTarget section */
		D787D4B01B2E83DA005D5603 /* Poulet */ = {
			isa = PBXNativeTarget;
			buildConfigurationList = D787D4D21B2E83DA005D5603 /* Build configuration list for PBXNativeTarget "Poulet" */;
			buildPhases = (
				D787D4AD1B2E83DA005D5603 /* Sources */,
				D787D4AE1B2E83DA005D5603 /* Frameworks */,
				D787D4AF1B2E83DA005D5603 /* Resources */,
			);
			buildRules = (
			);
			dependencies = (
			);
			name = Poulet;
			productName = Poulet;
			productReference = D787D4B11B2E83DA005D5603 /* Poulet.app */;
			productType = "com.apple.product-type.application";
		};
		D787D4C71B2E83DA005D5603 /* PouletTests */ = {
			isa = PBXNativeTarget;
			buildConfigurationList = D787D4D51B2E83DA005D5603 /* Build configuration list for PBXNativeTarget "PouletTests" */;
			buildPhases = (
				D787D4C41B2E83DA005D5603 /* Sources */,
				D787D4C51B2E83DA005D5603 /* Frameworks */,
				D787D4C61B2E83DA005D5603 /* Resources */,
			);
			buildRules = (
			);
			dependencies = (
				D787D4CA1B2E83DA005D5603 /* PBXTargetDependency */,
			);
			name = PouletTests;
			productName = PouletTests;
			productReference = D787D4C81B2E83DA005D5603 /* PouletTests.xctest */;
			productType = "com.apple.product-type.bundle.unit-test";
		};
/* End PBXNativeTarget section */

/* Begin PBXProject section */
		D787D4A91B2E83DA005D5603 /* Project object */ = {
			isa = PBXProject;
			attributes = {
				LastUpgradeCheck = 0630;
				ORGANIZATIONNAME = "Jiajun Wu";
				TargetAttributes = {
					D787D4B01B2E83DA005D5603 = {
						CreatedOnToolsVersion = 6.3.2;
					};
					D787D4C71B2E83DA005D5603 = {
						CreatedOnToolsVersion = 6.3.2;
						TestTargetID = D787D4B01B2E83DA005D5603;
					};
				};
			};
			buildConfigurationList = D787D4AC1B2E83DA005D5603 /* Build configuration list for PBXProject "Poulet" */;
			compatibilityVersion = "Xcode 3.2";
			developmentRegion = English;
			hasScannedForEncodings = 0;
			knownRegions = (
				en,
				Base,
			);
			mainGroup = D787D4A81B2E83DA005D5603;
			productRefGroup = D787D4B21B2E83DA005D5603 /* Products */;
			projectDirPath = "";
			projectRoot = "";
			targets = (
				D787D4B01B2E83DA005D5603 /* Poulet */,
				D787D4C71B2E83DA005D5603 /* PouletTests */,
			);
		};
/* End PBXProject section */

/* Begin PBXResourcesBuildPhase section */
		D787D4AF1B2E83DA005D5603 /* Resources */ = {
			isa = PBXResourcesBuildPhase;
			buildActionMask = 2147483647;
			files = (
				D787D4BE1B2E83DA005D5603 /* Main.storyboard in Resources */,
				D787D4C31B2E83DA005D5603 /* LaunchScreen.xib in Resources */,
				D787D4C01B2E83DA005D5603 /* Images.xcassets in Resources */,
			);
			runOnlyForDeploymentPostprocessing = 0;
		};
		D787D4C61B2E83DA005D5603 /* Resources */ = {
			isa = PBXResourcesBuildPhase;
			buildActionMask = 2147483647;
			files = (
			);
			runOnlyForDeploymentPostprocessing = 0;
		};
/* End PBXResourcesBuildPhase section */

/* Begin PBXSourcesBuildPhase section */
		D787D4AD1B2E83DA005D5603 /* Sources */ = {
			isa = PBXSourcesBuildPhase;
			buildActionMask = 2147483647;
			files = (
				D787D4BB1B2E83DA005D5603 /* ReminderViewController.swift in Sources */,
				D787D4B91B2E83DA005D5603 /* ListViewController.swift in Sources */,
				D787D4B71B2E83DA005D5603 /* AppDelegate.swift in Sources */,
			);
			runOnlyForDeploymentPostprocessing = 0;
		};
		D787D4C41B2E83DA005D5603 /* Sources */ = {
			isa = PBXSourcesBuildPhase;
			buildActionMask = 2147483647;
			files = (
				D787D4CF1B2E83DA005D5603 /* PouletTests.swift in Sources */,
			);
			runOnlyForDeploymentPostprocessing = 0;
		};
/* End PBXSourcesBuildPhase section */

/* Begin PBXTargetDependency section */
		D787D4CA1B2E83DA005D5603 /* PBXTargetDependency */ = {
			isa = PBXTargetDependency;
			target = D787D4B01B2E83DA005D5603 /* Poulet */;
			targetProxy = D787D4C91B2E83DA005D5603 /* PBXContainerItemProxy */;
		};
/* End PBXTargetDependency section */

/* Begin PBXVariantGroup section */
		D787D4BC1B2E83DA005D5603 /* Main.storyboard */ = {
			isa = PBXVariantGroup;
			children = (
				D787D4BD1B2E83DA005D5603 /* Base */,
			);
			name = Main.storyboard;
			sourceTree = "<group>";
		};
		D787D4C11B2E83DA005D5603 /* LaunchScreen.xib */ = {
			isa = PBXVariantGroup;
			children = (
				D787D4C21B2E83DA005D5603 /* Base */,
			);
			name = LaunchScreen.xib;
			sourceTree = "<group>";
		};
/* End PBXVariantGroup section */

/* Begin XCBuildConfiguration section */
		D787D4D01B2E83DA005D5603 /* Debug */ = {
			isa = XCBuildConfiguration;
			buildSettings = {
				ALWAYS_SEARCH_USER_PATHS = NO;
				CLANG_CXX_LANGUAGE_STANDARD = "gnu++0x";
				CLANG_CXX_LIBRARY = "libc++";
				CLANG_ENABLE_MODULES = YES;
				CLANG_ENABLE_OBJC_ARC = YES;
				CLANG_WARN_BOOL_CONVERSION = YES;
				CLANG_WARN_CONSTANT_CONVERSION = YES;
				CLANG_WARN_DIRECT_OBJC_ISA_USAGE = YES_ERROR;
				CLANG_WARN_EMPTY_BODY = YES;
				CLANG_WARN_ENUM_CONVERSION = YES;
				CLANG_WARN_INT_CONVERSION = YES;
				CLANG_WARN_OBJC_ROOT_CLASS = YES_ERROR;
				CLANG_WARN_UNREACHABLE_CODE = YES;
				CLANG_WARN__DUPLICATE_METHOD_MATCH = YES;
				"CODE_SIGN_IDENTITY[sdk=iphoneos*]" = "iPhone Developer";
				COPY_PHASE_STRIP = NO;
				DEBUG_INFORMATION_FORMAT = "dwarf-with-dsym";
				ENABLE_STRICT_OBJC_MSGSEND = YES;
				GCC_C_LANGUAGE_STANDARD = gnu99;
				GCC_DYNAMIC_NO_PIC = NO;
				GCC_NO_COMMON_BLOCKS = YES;
				GCC_OPTIMIZATION_LEVEL = 0;
				GCC_PREPROCESSOR_DEFINITIONS = (
					"DEBUG=1",
					"$(inherited)",
				);
				GCC_SYMBOLS_PRIVATE_EXTERN = NO;
				GCC_WARN_64_TO_32_BIT_CONVERSION = YES;
				GCC_WARN_ABOUT_RETURN_TYPE = YES_ERROR;
				GCC_WARN_UNDECLARED_SELECTOR = YES;
				GCC_WARN_UNINITIALIZED_AUTOS = YES_AGGRESSIVE;
				GCC_WARN_UNUSED_FUNCTION = YES;
				GCC_WARN_UNUSED_VARIABLE = YES;
				IPHONEOS_DEPLOYMENT_TARGET = 8.3;
				MTL_ENABLE_DEBUG_INFO = YES;
				ONLY_ACTIVE_ARCH = YES;
				SDKROOT = iphoneos;
				SWIFT_OPTIMIZATION_LEVEL = "-Onone";
				TARGETED_DEVICE_FAMILY = "1,2";
			};
			name = Debug;
		};
		D787D4D11B2E83DA005D5603 /* Release */ = {
			isa = XCBuildConfiguration;
			buildSettings = {
				ALWAYS_SEARCH_USER_PATHS = NO;
				CLANG_CXX_LANGUAGE_STANDARD = "gnu++0x";
				CLANG_CXX_LIBRARY = "libc++";
				CLANG_ENABLE_MODULES = YES;
				CLANG_ENABLE_OBJC_ARC = YES;
				CLANG_WARN_BOOL_CONVERSION = YES;
				CLANG_WARN_CONSTANT_CONVERSION = YES;
				CLANG_WARN_DIRECT_OBJC_ISA_USAGE = YES_ERROR;
				CLANG_WARN_EMPTY_BODY = YES;
				CLANG_WARN_ENUM_CONVERSION = YES;
				CLANG_WARN_INT_CONVERSION = YES;
				CLANG_WARN_OBJC_ROOT_CLASS = YES_ERROR;
				CLANG_WARN_UNREACHABLE_CODE = YES;
				CLANG_WARN__DUPLICATE_METHOD_MATCH = YES;
				"CODE_SIGN_IDENTITY[sdk=iphoneos*]" = "iPhone Developer";
				COPY_PHASE_STRIP = NO;
				DEBUG_INFORMATION_FORMAT = "dwarf-with-dsym";
				ENABLE_NS_ASSERTIONS = NO;
				ENABLE_STRICT_OBJC_MSGSEND = YES;
				GCC_C_LANGUAGE_STANDARD = gnu99;
				GCC_NO_COMMON_BLOCKS = YES;
				GCC_WARN_64_TO_32_BIT_CONVERSION = YES;
				GCC_WARN_ABOUT_RETURN_TYPE = YES_ERROR;
				GCC_WARN_UNDECLARED_SELECTOR = YES;
				GCC_WARN_UNINITIALIZED_AUTOS = YES_AGGRESSIVE;
				GCC_WARN_UNUSED_FUNCTION = YES;
				GCC_WARN_UNUSED_VARIABLE = YES;
				IPHONEOS_DEPLOYMENT_TARGET = 8.3;
				MTL_ENABLE_DEBUG_INFO = NO;
				SDKROOT = iphoneos;
				TARGETED_DEVICE_FAMILY = "1,2";
				VALIDATE_PRODUCT = YES;
			};
			name = Release;
		};
		D787D4D31B2E83DA005D5603 /* Debug */ = {
			isa = XCBuildConfiguration;
			buildSettings = {
				ASSETCATALOG_COMPILER_APPICON_NAME = AppIcon;
				INFOPLIST_FILE = Poulet/Info.plist;
				LD_RUNPATH_SEARCH_PATHS = "$(inherited) @executable_path/Frameworks";
				PRODUCT_NAME = "$(TARGET_NAME)";
			};
			name = Debug;
		};
		D787D4D41B2E83DA005D5603 /* Release */ = {
			isa = XCBuildConfiguration;
			buildSettings = {
				ASSETCATALOG_COMPILER_APPICON_NAME = AppIcon;
				INFOPLIST_FILE = Poulet/Info.plist;
				LD_RUNPATH_SEARCH_PATHS = "$(inherited) @executable_path/Frameworks";
				PRODUCT_NAME = "$(TARGET_NAME)";
			};
			name = Release;
		};
		D787D4D61B2E83DA005D5603 /* Debug */ = {
			isa = XCBuildConfiguration;
			buildSettings = {
				BUNDLE_LOADER = "$(TEST_HOST)";
				FRAMEWORK_SEARCH_PATHS = (
					"$(SDKROOT)/Developer/Library/Frameworks",
					"$(inherited)",
				);
				GCC_PREPROCESSOR_DEFINITIONS = (
					"DEBUG=1",
					"$(inherited)",
				);
				INFOPLIST_FILE = PouletTests/Info.plist;
				LD_RUNPATH_SEARCH_PATHS = "$(inherited) @executable_path/Frameworks @loader_path/Frameworks";
				PRODUCT_NAME = "$(TARGET_NAME)";
				TEST_HOST = "$(BUILT_PRODUCTS_DIR)/Poulet.app/Poulet";
			};
			name = Debug;
		};
		D787D4D71B2E83DA005D5603 /* Release */ = {
			isa = XCBuildConfiguration;
			buildSettings = {
				BUNDLE_LOADER = "$(TEST_HOST)";
				FRAMEWORK_SEARCH_PATHS = (
					"$(SDKROOT)/Developer/Library/Frameworks",
					"$(inherited)",
				);
				INFOPLIST_FILE = PouletTests/Info.plist;
				LD_RUNPATH_SEARCH_PATHS = "$(inherited) @executable_path/Frameworks @loader_path/Frameworks";
				PRODUCT_NAME = "$(TARGET_NAME)";
				TEST_HOST = "$(BUILT_PRODUCTS_DIR)/Poulet.app/Poulet";
			};
			name = Release;
		};
/* End XCBuildConfiguration section */

/* Begin XCConfigurationList section */
		D787D4AC1B2E83DA005D5603 /* Build configuration list for PBXProject "Poulet" */ = {
			isa = XCConfigurationList;
			buildConfigurations = (
				D787D4D01B2E83DA005D5603 /* Debug */,
				D787D4D11B2E83DA005D5603 /* Release */,
			);
			defaultConfigurationIsVisible = 0;
			defaultConfigurationName = Release;
		};
		D787D4D21B2E83DA005D5603 /* Build configuration list for PBXNativeTarget "Poulet" */ = {
			isa = XCConfigurationList;
			buildConfigurations = (
				D787D4D31B2E83DA005D5603 /* Debug */,
				D787D4D41B2E83DA005D5603 /* Release */,
			);
			defaultConfigurationIsVisible = 0;
			defaultConfigurationName = Release;
		};
		D787D4D51B2E83DA005D5603 /* Build configuration list for PBXNativeTarget "PouletTests" */ = {
			isa = XCConfigurationList;
			buildConfigurations = (
				D787D4D61B2E83DA005D5603 /* Debug */,
				D787D4D71B2E83DA005D5603 /* Release */,
			);
			defaultConfigurationIsVisible = 0;
			defaultConfigurationName = Release;
		};
/* End XCConfigurationList section */
	};
	rootObject = D787D4A91B2E83DA005D5603 /* Project object */;
}
